
Microsoft Visual Studio Solution File, Format Version 12.00
# Visual Studio Version 17
VisualStudioVersion = 17.7.34031.279
MinimumVisualStudioVersion = 10.0.40219.1
Project("{FAE04EC0-301F-11D3-BF4B-00C04F79EFBC}") = "ASPNETDemo3", "ASPNETDemo3\ASPNETDemo3.csproj", "{590A5CF8-33CF-498C-8AC6-7617A7C0C0AB}"
EndProject
Global
	GlobalSection(SolutionConfigurationPlatforms) = preSolution
		Debug|Any CPU = Debug|Any CPU
		Release|Any CPU = Release|Any CPU
	EndGlobalSection
	GlobalSection(ProjectConfigurationPlatforms) = postSolution
		{590A5CF8-33CF-498C-8AC6-7617A7C0C0AB}.Debug|Any CPU.ActiveCfg = Debug|Any CPU
		{590A5CF8-33CF-498C-8AC6-7617A7C0C0AB}.Debug|Any CPU.Build.0 = Debug|Any CPU
		{590A5CF8-33CF-498C-8AC6-7617A7C0C0AB}.Release|Any CPU.ActiveCfg = Release|Any CPU
		{590A5CF8-33CF-498C-8AC6-7617A7C0C0AB}.Release|Any CPU.Build.0 = Release|Any CPU
	EndGlobalSection
	GlobalSection(SolutionProperties) = preSolution
		HideSolutionNode = FALSE
	EndGlobalSection
	GlobalSection(ExtensibilityGlobals) = postSolution
		SolutionGuid = {0FAFF082-755F-406C-90A8-D3FC07699427}
	EndGlobalSection
EndGlobal
